
Microsoft Visual Studio Solution File, Format Version 10.00
# Visual Studio 2008
Project("{8BC9CEB8-8B4A-11D0-8D11-00A0C91BC942}") = "cube", "cube.vcproj", "{DCA64EEC-0C0E-4C61-84AC-B208ECA1FC74}"
EndProject
Global
	GlobalSection(SolutionConfigurationPlatforms) = preSolution
		Debug|Win32 = Debug|Win32
		Release|Win32 = Release|Win32
	EndGlobalSection
	GlobalSection(ProjectConfigurationPlatforms) = postSolution
		{DCA64EEC-0C0E-4C61-84AC-B208ECA1FC74}.Debug|Win32.ActiveCfg = Debug|Win32
		{DCA64EEC-0C0E-4C61-84AC-B208ECA1FC74}.Debug|Win32.Build.0 = Debug|Win32
		{DCA64EEC-0C0E-4C61-84AC-B208ECA1FC74}.Release|Win32.ActiveCfg = Release|Win32
		{DCA64EEC-0C0E-4C61-84AC-B208ECA1FC74}.Release|Win32.Build.0 = Release|Win32
	EndGlobalSection
	GlobalSection(SolutionProperties) = preSolution
		HideSolutionNode = FALSE
	EndGlobalSection
EndGlobal
